
Microsoft Visual Studio Solution File, Format Version 12.00
# Visual Studio 2012
Project("{8BC9CEB8-8B4A-11D0-8D11-00A0C91BC942}") = "datastruct4", "datastruct4\datastruct4.vcxproj", "{73738714-A311-4F0E-B845-DF38B0E46557}"
EndProject
Global
	GlobalSection(SolutionConfigurationPlatforms) = preSolution
		Debug|Win32 = Debug|Win32
		Release|Win32 = Release|Win32
	EndGlobalSection
	GlobalSection(ProjectConfigurationPlatforms) = postSolution
		{73738714-A311-4F0E-B845-DF38B0E46557}.Debug|Win32.ActiveCfg = Debug|Win32
		{73738714-A311-4F0E-B845-DF38B0E46557}.Debug|Win32.Build.0 = Debug|Win32
		{73738714-A311-4F0E-B845-DF38B0E46557}.Release|Win32.ActiveCfg = Release|Win32
		{73738714-A311-4F0E-B845-DF38B0E46557}.Release|Win32.Build.0 = Release|Win32
	EndGlobalSection
	GlobalSection(SolutionProperties) = preSolution
		HideSolutionNode = FALSE
	EndGlobalSection
EndGlobal
