
Microsoft Visual Studio Solution File, Format Version 12.00
# Visual Studio 2012
Project("{8BC9CEB8-8B4A-11D0-8D11-00A0C91BC942}") = "6.4", "6.4\6.4.vcxproj", "{E2A757C8-8A08-40A9-A71C-C0EC3ACB780D}"
EndProject
Global
	GlobalSection(SolutionConfigurationPlatforms) = preSolution
		Debug|Win32 = Debug|Win32
		Release|Win32 = Release|Win32
	EndGlobalSection
	GlobalSection(ProjectConfigurationPlatforms) = postSolution
		{E2A757C8-8A08-40A9-A71C-C0EC3ACB780D}.Debug|Win32.ActiveCfg = Debug|Win32
		{E2A757C8-8A08-40A9-A71C-C0EC3ACB780D}.Debug|Win32.Build.0 = Debug|Win32
		{E2A757C8-8A08-40A9-A71C-C0EC3ACB780D}.Release|Win32.ActiveCfg = Release|Win32
		{E2A757C8-8A08-40A9-A71C-C0EC3ACB780D}.Release|Win32.Build.0 = Release|Win32
	EndGlobalSection
	GlobalSection(SolutionProperties) = preSolution
		HideSolutionNode = FALSE
	EndGlobalSection
EndGlobal
